
Microsoft Visual Studio Solution File, Format Version 12.00
# Visual Studio Version 17
VisualStudioVersion = 17.0.32014.148
MinimumVisualStudioVersion = 10.0.40219.1
Project("{9A19103F-16F7-4668-BE54-9A1E7A4F7556}") = "MoveIT", "MoveIT\MoveIT.csproj", "{9FD84092-BBD4-4C87-9CDF-11C2EFFE33EF}"
EndProject
Project("{9A19103F-16F7-4668-BE54-9A1E7A4F7556}") = "MoveIT.Common", "MoveIT.Common\MoveIT.Common.csproj", "{4A4ABDC4-DA5B-49A3-8F99-012C152ADE3D}"
EndProject
Project("{9A19103F-16F7-4668-BE54-9A1E7A4F7556}") = "MoveIT.Gateways", "MoveIT.Gateways\MoveIT.Gateways.csproj", "{1AB793BF-FB4B-4280-B39F-B85E5F98E9BC}"
EndProject
Project("{FAE04EC0-301F-11D3-BF4B-00C04F79EFBC}") = "MoveIT.Services", "MoveIT.Services\MoveIT.Services.csproj", "{17DBBEA2-D350-46E5-8AF6-AA4F159AB194}"
EndProject
Global
	GlobalSection(SolutionConfigurationPlatforms) = preSolution
		Debug|Any CPU = Debug|Any CPU
		Release|Any CPU = Release|Any CPU
	EndGlobalSection
	GlobalSection(ProjectConfigurationPlatforms) = postSolution
		{9FD84092-BBD4-4C87-9CDF-11C2EFFE33EF}.Debug|Any CPU.ActiveCfg = Debug|Any CPU
		{9FD84092-BBD4-4C87-9CDF-11C2EFFE33EF}.Debug|Any CPU.Build.0 = Debug|Any CPU
		{9FD84092-BBD4-4C87-9CDF-11C2EFFE33EF}.Release|Any CPU.ActiveCfg = Release|Any CPU
		{9FD84092-BBD4-4C87-9CDF-11C2EFFE33EF}.Release|Any CPU.Build.0 = Release|Any CPU
		{4A4ABDC4-DA5B-49A3-8F99-012C152ADE3D}.Debug|Any CPU.ActiveCfg = Debug|Any CPU
		{4A4ABDC4-DA5B-49A3-8F99-012C152ADE3D}.Debug|Any CPU.Build.0 = Debug|Any CPU
		{4A4ABDC4-DA5B-49A3-8F99-012C152ADE3D}.Release|Any CPU.ActiveCfg = Release|Any CPU
		{4A4ABDC4-DA5B-49A3-8F99-012C152ADE3D}.Release|Any CPU.Build.0 = Release|Any CPU
		{1AB793BF-FB4B-4280-B39F-B85E5F98E9BC}.Debug|Any CPU.ActiveCfg = Debug|Any CPU
		{1AB793BF-FB4B-4280-B39F-B85E5F98E9BC}.Debug|Any CPU.Build.0 = Debug|Any CPU
		{1AB793BF-FB4B-4280-B39F-B85E5F98E9BC}.Release|Any CPU.ActiveCfg = Release|Any CPU
		{1AB793BF-FB4B-4280-B39F-B85E5F98E9BC}.Release|Any CPU.Build.0 = Release|Any CPU
		{17DBBEA2-D350-46E5-8AF6-AA4F159AB194}.Debug|Any CPU.ActiveCfg = Debug|Any CPU
		{17DBBEA2-D350-46E5-8AF6-AA4F159AB194}.Debug|Any CPU.Build.0 = Debug|Any CPU
		{17DBBEA2-D350-46E5-8AF6-AA4F159AB194}.Release|Any CPU.ActiveCfg = Release|Any CPU
		{17DBBEA2-D350-46E5-8AF6-AA4F159AB194}.Release|Any CPU.Build.0 = Release|Any CPU
	EndGlobalSection
	GlobalSection(SolutionProperties) = preSolution
		HideSolutionNode = FALSE
	EndGlobalSection
	GlobalSection(ExtensibilityGlobals) = postSolution
		SolutionGuid = {BEF9356E-8C34-4DC9-A33F-6F893024DC46}
	EndGlobalSection
EndGlobal
