
Microsoft Visual Studio Solution File, Format Version 12.00
# Visual Studio Version 17
VisualStudioVersion = 17.0.32014.148
MinimumVisualStudioVersion = 10.0.40219.1
Project("{FAE04EC0-301F-11D3-BF4B-00C04F79EFBC}") = "MoveIT", "MoveIT\MoveIT.csproj", "{9FD84092-BBD4-4C87-9CDF-11C2EFFE33EF}"
EndProject
Global
	GlobalSection(SolutionConfigurationPlatforms) = preSolution
		Debug|Any CPU = Debug|Any CPU
		Release|Any CPU = Release|Any CPU
	EndGlobalSection
	GlobalSection(ProjectConfigurationPlatforms) = postSolution
		{9FD84092-BBD4-4C87-9CDF-11C2EFFE33EF}.Debug|Any CPU.ActiveCfg = Debug|Any CPU
		{9FD84092-BBD4-4C87-9CDF-11C2EFFE33EF}.Debug|Any CPU.Build.0 = Debug|Any CPU
		{9FD84092-BBD4-4C87-9CDF-11C2EFFE33EF}.Release|Any CPU.ActiveCfg = Release|Any CPU
		{9FD84092-BBD4-4C87-9CDF-11C2EFFE33EF}.Release|Any CPU.Build.0 = Release|Any CPU
	EndGlobalSection
	GlobalSection(SolutionProperties) = preSolution
		HideSolutionNode = FALSE
	EndGlobalSection
	GlobalSection(ExtensibilityGlobals) = postSolution
		SolutionGuid = {BEF9356E-8C34-4DC9-A33F-6F893024DC46}
	EndGlobalSection
EndGlobal
